
Microsoft Visual Studio Solution File, Format Version 12.00
# Visual Studio Version 16
VisualStudioVersion = 16.0.31624.102
MinimumVisualStudioVersion = 10.0.40219.1
Project("{9A19103F-16F7-4668-BE54-9A1E7A4F7556}") = "ArrayListCollections", "ArrayListCollections\ArrayListCollections.csproj", "{56212E7A-6F1B-42FF-A702-718BFDDE06B3}"
EndProject
Project("{9A19103F-16F7-4668-BE54-9A1E7A4F7556}") = "CollectionsList", "CollectionsList\CollectionsList.csproj", "{B1D0C8C4-1313-43BD-B11B-72EB501307B5}"
EndProject
Project("{9A19103F-16F7-4668-BE54-9A1E7A4F7556}") = "HashTables", "HashTables\HashTables.csproj", "{7DC88121-30F4-4A01-B937-B99439FC5CE6}"
EndProject
Project("{9A19103F-16F7-4668-BE54-9A1E7A4F7556}") = "HashTableChallenge", "HashTableChallenge\HashTableChallenge.csproj", "{6E5793B7-FA25-4115-9431-BA217B8BCC83}"
EndProject
Project("{9A19103F-16F7-4668-BE54-9A1E7A4F7556}") = "DictionaryDemo", "DictionaryDemo\DictionaryDemo.csproj", "{9021EA0B-C064-4F7B-8AE4-7235C6BEDA50}"
EndProject
Project("{9A19103F-16F7-4668-BE54-9A1E7A4F7556}") = "ArraysDemo", "ArraysDemo\ArraysDemo.csproj", "{E76690D2-3432-47BC-997C-8CAF5FECDC18}"
EndProject
Project("{FAE04EC0-301F-11D3-BF4B-00C04F79EFBC}") = "StacksDemo", "StacksDemo\StacksDemo.csproj", "{1D9A2CE5-0FA6-4F7E-A29C-89FBFC7E30E8}"
EndProject
Project("{FAE04EC0-301F-11D3-BF4B-00C04F79EFBC}") = "QueueDemo", "QueueDemo\QueueDemo.csproj", "{4DFC8591-9731-4D2E-8FF3-0F34C82E0279}"
EndProject
Project("{FAE04EC0-301F-11D3-BF4B-00C04F79EFBC}") = "WPF 01C", "WPF 01C\WPF 01C.csproj", "{0ACF6E55-9269-4193-BF9F-B448B7CB6FFA}"
EndProject
Project("{FAE04EC0-301F-11D3-BF4B-00C04F79EFBC}") = "WPF 04C Events in XAML", "WPF 04C Events in XAML\WPF 04C Events in XAML.csproj", "{9F06288A-6987-4603-B799-B4FD26EA33B4}"
EndProject
Project("{FAE04EC0-301F-11D3-BF4B-00C04F79EFBC}") = "WPF 05C Grid", "WPF 05C Grid\WPF 05C Grid.csproj", "{588E34F7-48B1-4927-8CF1-F1F19543AB05}"
EndProject
Project("{FAE04EC0-301F-11D3-BF4B-00C04F79EFBC}") = "WPF 06C Dependency Properties", "WPF 06C Dependency Properties\WPF 06C Dependency Properties.csproj", "{D9B5FC9C-1B86-4516-B1C2-59172FF2BDB1}"
EndProject
Project("{FAE04EC0-301F-11D3-BF4B-00C04F79EFBC}") = "WPF 07C DataBinding", "WPF 07C DataBinding\WPF 07C DataBinding.csproj", "{64217AB8-1DA8-4E23-8761-26E1D9535A10}"
EndProject
Project("{FAE04EC0-301F-11D3-BF4B-00C04F79EFBC}") = "ExpensesTracker", "ExpensesTracker\ExpensesTracker.csproj", "{7E99C96B-725E-4289-9D69-9E0A227984D4}"
EndProject
Global
	GlobalSection(SolutionConfigurationPlatforms) = preSolution
		Debug|Any CPU = Debug|Any CPU
		Release|Any CPU = Release|Any CPU
	EndGlobalSection
	GlobalSection(ProjectConfigurationPlatforms) = postSolution
		{56212E7A-6F1B-42FF-A702-718BFDDE06B3}.Debug|Any CPU.ActiveCfg = Debug|Any CPU
		{56212E7A-6F1B-42FF-A702-718BFDDE06B3}.Debug|Any CPU.Build.0 = Debug|Any CPU
		{56212E7A-6F1B-42FF-A702-718BFDDE06B3}.Release|Any CPU.ActiveCfg = Release|Any CPU
		{56212E7A-6F1B-42FF-A702-718BFDDE06B3}.Release|Any CPU.Build.0 = Release|Any CPU
		{B1D0C8C4-1313-43BD-B11B-72EB501307B5}.Debug|Any CPU.ActiveCfg = Debug|Any CPU
		{B1D0C8C4-1313-43BD-B11B-72EB501307B5}.Debug|Any CPU.Build.0 = Debug|Any CPU
		{B1D0C8C4-1313-43BD-B11B-72EB501307B5}.Release|Any CPU.ActiveCfg = Release|Any CPU
		{B1D0C8C4-1313-43BD-B11B-72EB501307B5}.Release|Any CPU.Build.0 = Release|Any CPU
		{7DC88121-30F4-4A01-B937-B99439FC5CE6}.Debug|Any CPU.ActiveCfg = Debug|Any CPU
		{7DC88121-30F4-4A01-B937-B99439FC5CE6}.Debug|Any CPU.Build.0 = Debug|Any CPU
		{7DC88121-30F4-4A01-B937-B99439FC5CE6}.Release|Any CPU.ActiveCfg = Release|Any CPU
		{7DC88121-30F4-4A01-B937-B99439FC5CE6}.Release|Any CPU.Build.0 = Release|Any CPU
		{6E5793B7-FA25-4115-9431-BA217B8BCC83}.Debug|Any CPU.ActiveCfg = Debug|Any CPU
		{6E5793B7-FA25-4115-9431-BA217B8BCC83}.Debug|Any CPU.Build.0 = Debug|Any CPU
		{6E5793B7-FA25-4115-9431-BA217B8BCC83}.Release|Any CPU.ActiveCfg = Release|Any CPU
		{6E5793B7-FA25-4115-9431-BA217B8BCC83}.Release|Any CPU.Build.0 = Release|Any CPU
		{9021EA0B-C064-4F7B-8AE4-7235C6BEDA50}.Debug|Any CPU.ActiveCfg = Debug|Any CPU
		{9021EA0B-C064-4F7B-8AE4-7235C6BEDA50}.Debug|Any CPU.Build.0 = Debug|Any CPU
		{9021EA0B-C064-4F7B-8AE4-7235C6BEDA50}.Release|Any CPU.ActiveCfg = Release|Any CPU
		{9021EA0B-C064-4F7B-8AE4-7235C6BEDA50}.Release|Any CPU.Build.0 = Release|Any CPU
		{E76690D2-3432-47BC-997C-8CAF5FECDC18}.Debug|Any CPU.ActiveCfg = Debug|Any CPU
		{E76690D2-3432-47BC-997C-8CAF5FECDC18}.Debug|Any CPU.Build.0 = Debug|Any CPU
		{E76690D2-3432-47BC-997C-8CAF5FECDC18}.Release|Any CPU.ActiveCfg = Release|Any CPU
		{E76690D2-3432-47BC-997C-8CAF5FECDC18}.Release|Any CPU.Build.0 = Release|Any CPU
		{1D9A2CE5-0FA6-4F7E-A29C-89FBFC7E30E8}.Debug|Any CPU.ActiveCfg = Debug|Any CPU
		{1D9A2CE5-0FA6-4F7E-A29C-89FBFC7E30E8}.Debug|Any CPU.Build.0 = Debug|Any CPU
		{1D9A2CE5-0FA6-4F7E-A29C-89FBFC7E30E8}.Release|Any CPU.ActiveCfg = Release|Any CPU
		{1D9A2CE5-0FA6-4F7E-A29C-89FBFC7E30E8}.Release|Any CPU.Build.0 = Release|Any CPU
		{4DFC8591-9731-4D2E-8FF3-0F34C82E0279}.Debug|Any CPU.ActiveCfg = Debug|Any CPU
		{4DFC8591-9731-4D2E-8FF3-0F34C82E0279}.Debug|Any CPU.Build.0 = Debug|Any CPU
		{4DFC8591-9731-4D2E-8FF3-0F34C82E0279}.Release|Any CPU.ActiveCfg = Release|Any CPU
		{4DFC8591-9731-4D2E-8FF3-0F34C82E0279}.Release|Any CPU.Build.0 = Release|Any CPU
		{0ACF6E55-9269-4193-BF9F-B448B7CB6FFA}.Debug|Any CPU.ActiveCfg = Debug|Any CPU
		{0ACF6E55-9269-4193-BF9F-B448B7CB6FFA}.Debug|Any CPU.Build.0 = Debug|Any CPU
		{0ACF6E55-9269-4193-BF9F-B448B7CB6FFA}.Release|Any CPU.ActiveCfg = Release|Any CPU
		{0ACF6E55-9269-4193-BF9F-B448B7CB6FFA}.Release|Any CPU.Build.0 = Release|Any CPU
		{9F06288A-6987-4603-B799-B4FD26EA33B4}.Debug|Any CPU.ActiveCfg = Debug|Any CPU
		{9F06288A-6987-4603-B799-B4FD26EA33B4}.Debug|Any CPU.Build.0 = Debug|Any CPU
		{9F06288A-6987-4603-B799-B4FD26EA33B4}.Release|Any CPU.ActiveCfg = Release|Any CPU
		{9F06288A-6987-4603-B799-B4FD26EA33B4}.Release|Any CPU.Build.0 = Release|Any CPU
		{588E34F7-48B1-4927-8CF1-F1F19543AB05}.Debug|Any CPU.ActiveCfg = Debug|Any CPU
		{588E34F7-48B1-4927-8CF1-F1F19543AB05}.Debug|Any CPU.Build.0 = Debug|Any CPU
		{588E34F7-48B1-4927-8CF1-F1F19543AB05}.Release|Any CPU.ActiveCfg = Release|Any CPU
		{588E34F7-48B1-4927-8CF1-F1F19543AB05}.Release|Any CPU.Build.0 = Release|Any CPU
		{D9B5FC9C-1B86-4516-B1C2-59172FF2BDB1}.Debug|Any CPU.ActiveCfg = Debug|Any CPU
		{D9B5FC9C-1B86-4516-B1C2-59172FF2BDB1}.Debug|Any CPU.Build.0 = Debug|Any CPU
		{D9B5FC9C-1B86-4516-B1C2-59172FF2BDB1}.Release|Any CPU.ActiveCfg = Release|Any CPU
		{D9B5FC9C-1B86-4516-B1C2-59172FF2BDB1}.Release|Any CPU.Build.0 = Release|Any CPU
		{64217AB8-1DA8-4E23-8761-26E1D9535A10}.Debug|Any CPU.ActiveCfg = Debug|Any CPU
		{64217AB8-1DA8-4E23-8761-26E1D9535A10}.Debug|Any CPU.Build.0 = Debug|Any CPU
		{64217AB8-1DA8-4E23-8761-26E1D9535A10}.Release|Any CPU.ActiveCfg = Release|Any CPU
		{64217AB8-1DA8-4E23-8761-26E1D9535A10}.Release|Any CPU.Build.0 = Release|Any CPU
		{7E99C96B-725E-4289-9D69-9E0A227984D4}.Debug|Any CPU.ActiveCfg = Debug|Any CPU
		{7E99C96B-725E-4289-9D69-9E0A227984D4}.Debug|Any CPU.Build.0 = Debug|Any CPU
		{7E99C96B-725E-4289-9D69-9E0A227984D4}.Release|Any CPU.ActiveCfg = Release|Any CPU
		{7E99C96B-725E-4289-9D69-9E0A227984D4}.Release|Any CPU.Build.0 = Release|Any CPU
	EndGlobalSection
	GlobalSection(SolutionProperties) = preSolution
		HideSolutionNode = FALSE
	EndGlobalSection
	GlobalSection(ExtensibilityGlobals) = postSolution
		SolutionGuid = {A0E6B3BB-1B64-4AE2-A6CF-F6335D3A3DB1}
	EndGlobalSection
EndGlobal
